
Microsoft Visual Studio Solution File, Format Version 12.00
# Visual Studio Version 16
VisualStudioVersion = 16.0.33130.400
MinimumVisualStudioVersion = 10.0.40219.1
Project("{FAE04EC0-301F-11D3-BF4B-00C04F79EFBC}") = "Labirint", "Labirint\Labirint.csproj", "{4B3F68E9-C3CC-4E12-908F-8A36129F6AAF}"
EndProject
Global
	GlobalSection(SolutionConfigurationPlatforms) = preSolution
		Debug|Any CPU = Debug|Any CPU
		Release|Any CPU = Release|Any CPU
	EndGlobalSection
	GlobalSection(ProjectConfigurationPlatforms) = postSolution
		{4B3F68E9-C3CC-4E12-908F-8A36129F6AAF}.Debug|Any CPU.ActiveCfg = Debug|Any CPU
		{4B3F68E9-C3CC-4E12-908F-8A36129F6AAF}.Debug|Any CPU.Build.0 = Debug|Any CPU
		{4B3F68E9-C3CC-4E12-908F-8A36129F6AAF}.Release|Any CPU.ActiveCfg = Release|Any CPU
		{4B3F68E9-C3CC-4E12-908F-8A36129F6AAF}.Release|Any CPU.Build.0 = Release|Any CPU
	EndGlobalSection
	GlobalSection(SolutionProperties) = preSolution
		HideSolutionNode = FALSE
	EndGlobalSection
	GlobalSection(ExtensibilityGlobals) = postSolution
		SolutionGuid = {30FA676C-0F01-40BA-A9D8-1405279787D6}
	EndGlobalSection
EndGlobal
